
Microsoft Visual Studio Solution File, Format Version 12.00
# Visual Studio Version 16
VisualStudioVersion = 16.0.33027.164
MinimumVisualStudioVersion = 10.0.40219.1
Project("{9A19103F-16F7-4668-BE54-9A1E7A4F7556}") = "VehicleBookingWebsite.Server", "VehicleBookingWebsite\Server\VehicleBookingWebsite.Server.csproj", "{7C243B96-C3FF-4067-9D36-290C445F0325}"
EndProject
Project("{9A19103F-16F7-4668-BE54-9A1E7A4F7556}") = "VehicleBookingWebsite.Client", "VehicleBookingWebsite\Client\VehicleBookingWebsite.Client.csproj", "{56678B72-C58F-4E56-B5AD-649D2AD99697}"
EndProject
Project("{9A19103F-16F7-4668-BE54-9A1E7A4F7556}") = "VehicleBookingWebsite.Shared", "VehicleBookingWebsite\Shared\VehicleBookingWebsite.Shared.csproj", "{B37C2589-C64B-4F25-A438-E172209DF258}"
EndProject
Global
	GlobalSection(SolutionConfigurationPlatforms) = preSolution
		Debug|Any CPU = Debug|Any CPU
		Release|Any CPU = Release|Any CPU
	EndGlobalSection
	GlobalSection(ProjectConfigurationPlatforms) = postSolution
		{7C243B96-C3FF-4067-9D36-290C445F0325}.Debug|Any CPU.ActiveCfg = Debug|Any CPU
		{7C243B96-C3FF-4067-9D36-290C445F0325}.Debug|Any CPU.Build.0 = Debug|Any CPU
		{7C243B96-C3FF-4067-9D36-290C445F0325}.Release|Any CPU.ActiveCfg = Release|Any CPU
		{7C243B96-C3FF-4067-9D36-290C445F0325}.Release|Any CPU.Build.0 = Release|Any CPU
		{56678B72-C58F-4E56-B5AD-649D2AD99697}.Debug|Any CPU.ActiveCfg = Debug|Any CPU
		{56678B72-C58F-4E56-B5AD-649D2AD99697}.Debug|Any CPU.Build.0 = Debug|Any CPU
		{56678B72-C58F-4E56-B5AD-649D2AD99697}.Release|Any CPU.ActiveCfg = Release|Any CPU
		{56678B72-C58F-4E56-B5AD-649D2AD99697}.Release|Any CPU.Build.0 = Release|Any CPU
		{B37C2589-C64B-4F25-A438-E172209DF258}.Debug|Any CPU.ActiveCfg = Debug|Any CPU
		{B37C2589-C64B-4F25-A438-E172209DF258}.Debug|Any CPU.Build.0 = Debug|Any CPU
		{B37C2589-C64B-4F25-A438-E172209DF258}.Release|Any CPU.ActiveCfg = Release|Any CPU
		{B37C2589-C64B-4F25-A438-E172209DF258}.Release|Any CPU.Build.0 = Release|Any CPU
	EndGlobalSection
	GlobalSection(SolutionProperties) = preSolution
		HideSolutionNode = FALSE
	EndGlobalSection
	GlobalSection(ExtensibilityGlobals) = postSolution
		SolutionGuid = {BCDFDB8A-F196-4B0F-93DB-A3A3EE7215BB}
	EndGlobalSection
EndGlobal
